
Microsoft Visual Studio Solution File, Format Version 12.00
# Visual Studio Version 17
VisualStudioVersion = 17.7.33913.275
MinimumVisualStudioVersion = 10.0.40219.1
Project("{FAE04EC0-301F-11D3-BF4B-00C04F79EFBC}") = "demo1", "demo1.csproj", "{FD252721-2B61-4810-811B-F71A3397FE47}"
EndProject
Global
	GlobalSection(SolutionConfigurationPlatforms) = preSolution
		Debug|Any CPU = Debug|Any CPU
		Release|Any CPU = Release|Any CPU
	EndGlobalSection
	GlobalSection(ProjectConfigurationPlatforms) = postSolution
		{FD252721-2B61-4810-811B-F71A3397FE47}.Debug|Any CPU.ActiveCfg = Debug|Any CPU
		{FD252721-2B61-4810-811B-F71A3397FE47}.Debug|Any CPU.Build.0 = Debug|Any CPU
		{FD252721-2B61-4810-811B-F71A3397FE47}.Release|Any CPU.ActiveCfg = Release|Any CPU
		{FD252721-2B61-4810-811B-F71A3397FE47}.Release|Any CPU.Build.0 = Release|Any CPU
	EndGlobalSection
	GlobalSection(SolutionProperties) = preSolution
		HideSolutionNode = FALSE
	EndGlobalSection
	GlobalSection(ExtensibilityGlobals) = postSolution
		SolutionGuid = {DE840BAF-189B-4868-8568-2A7D9D8C26DC}
	EndGlobalSection
EndGlobal
